
Microsoft Visual Studio Solution File, Format Version 12.00
# Visual Studio Version 16
VisualStudioVersion = 16.0.33328.57
MinimumVisualStudioVersion = 10.0.40219.1
Project("{FAE04EC0-301F-11D3-BF4B-00C04F79EFBC}") = "API", "API\API.csproj", "{137E6B83-4691-4F84-A1E9-7ED1F456ECC6}"
EndProject
Global
	GlobalSection(SolutionConfigurationPlatforms) = preSolution
		Debug|Any CPU = Debug|Any CPU
		Release|Any CPU = Release|Any CPU
	EndGlobalSection
	GlobalSection(ProjectConfigurationPlatforms) = postSolution
		{137E6B83-4691-4F84-A1E9-7ED1F456ECC6}.Debug|Any CPU.ActiveCfg = Debug|Any CPU
		{137E6B83-4691-4F84-A1E9-7ED1F456ECC6}.Debug|Any CPU.Build.0 = Debug|Any CPU
		{137E6B83-4691-4F84-A1E9-7ED1F456ECC6}.Release|Any CPU.ActiveCfg = Release|Any CPU
		{137E6B83-4691-4F84-A1E9-7ED1F456ECC6}.Release|Any CPU.Build.0 = Release|Any CPU
	EndGlobalSection
	GlobalSection(SolutionProperties) = preSolution
		HideSolutionNode = FALSE
	EndGlobalSection
	GlobalSection(ExtensibilityGlobals) = postSolution
		SolutionGuid = {02260482-43FC-4101-A64C-19DD8EDB8EF9}
	EndGlobalSection
EndGlobal
